// !$*UTF8*$!
{
	archiveVersion = 1;
	classes = {
	};
	objectVersion = 45;
	objects = {

/* Begin PBXBuildFile section */
		1DDD58160DA1D0A300B32029 /* MainMenu.xib in Resources */ = {isa = PBXBuildFile; fileRef = 1DDD58140DA1D0A300B32029 /* MainMenu.xib */; };
		256AC3DA0F4B6AC300CF3369 /* MonkeyAppDelegate.m in Sources */ = {isa = PBXBuildFile; fileRef = 256AC3D90F4B6AC300CF3369 /* MonkeyAppDelegate.m */; };
		8D11072B0486CEB800E47090 /* InfoPlist.strings in Resources */ = {isa = PBXBuildFile; fileRef = 089C165CFE840E0CC02AAC07 /* InfoPlist.strings */; };
		8D11072D0486CEB800E47090 /* main.m in Sources */ = {isa = PBXBuildFile; fileRef = 29B97316FDCFA39411CA2CEA /* main.m */; settings = {ATTRIBUTES = (); }; };
		8D11072F0486CEB800E47090 /* Cocoa.framework in Frameworks */ = {isa = PBXBuildFile; fileRef = 1058C7A1FEA54F0111CA2CBB /* Cocoa.framework */; };
		F587F51814AD446F00F2EBAE /* WaveWindowController.m in Sources */ = {isa = PBXBuildFile; fileRef = F587F51714AD446F00F2EBAE /* WaveWindowController.m */; };
		F587F51D14AD453100F2EBAE /* WaveDocument.m in Sources */ = {isa = PBXBuildFile; fileRef = F587F51C14AD453100F2EBAE /* WaveDocument.m */; };
		F587F60514AD5C1A00F2EBAE /* WaveDocument.xib in Resources */ = {isa = PBXBuildFile; fileRef = F587F60314AD5C1A00F2EBAE /* WaveDocument.xib */; };
		F59FC82514A9E99F00AC50E3 /* WaveView.m in Sources */ = {isa = PBXBuildFile; fileRef = F59FC82414A9E99F00AC50E3 /* WaveView.m */; };
		F5A3872818DD669300E96337 /* Iwatsu.m in Sources */ = {isa = PBXBuildFile; fileRef = F5A3872718DD669300E96337 /* Iwatsu.m */; };
		F5A698231F288434006B7A49 /* LogicDocument.m in Sources */ = {isa = PBXBuildFile; fileRef = F5A698221F288434006B7A49 /* LogicDocument.m */; };
		F5A698281F288481006B7A49 /* LogicWindowController.m in Sources */ = {isa = PBXBuildFile; fileRef = F5A698271F288481006B7A49 /* LogicWindowController.m */; };
		F5A6982D1F288499006B7A49 /* LogicView.m in Sources */ = {isa = PBXBuildFile; fileRef = F5A6982C1F288499006B7A49 /* LogicView.m */; };
		F5A698301F2884D0006B7A49 /* LogicDocument.xib in Resources */ = {isa = PBXBuildFile; fileRef = F5A6982E1F2884D0006B7A49 /* LogicDocument.xib */; };
		F5A7229614BA70F70035F5B8 /* TimeView.m in Sources */ = {isa = PBXBuildFile; fileRef = F5A7229514BA70F70035F5B8 /* TimeView.m */; };
		F5AA89781F2EBE9C008070EA /* saru.icns in Resources */ = {isa = PBXBuildFile; fileRef = F5AA89771F2EBE9C008070EA /* saru.icns */; };
		F5AF802718DD2339007CD1E3 /* iwausb.c in Sources */ = {isa = PBXBuildFile; fileRef = F5AF802618DD2339007CD1E3 /* iwausb.c */; };
		F5B4C6DC1F2D619900760234 /* hid.c in Sources */ = {isa = PBXBuildFile; fileRef = F5B4C6DB1F2D619900760234 /* hid.c */; };
		F5B5C14714AFFF6B002E5677 /* ftgpib.c in Sources */ = {isa = PBXBuildFile; fileRef = F5B5C14614AFFF6B002E5677 /* ftgpib.c */; };
		F5B76E581A575C37007893A2 /* TimeDocument.m in Sources */ = {isa = PBXBuildFile; fileRef = F5B76E571A575C37007893A2 /* TimeDocument.m */; };
		F5B76E5E1A575C56007893A2 /* TimeWindowController.m in Sources */ = {isa = PBXBuildFile; fileRef = F5B76E5D1A575C56007893A2 /* TimeWindowController.m */; };
		F5B76E8D1A576026007893A2 /* TimeDocument.xib in Resources */ = {isa = PBXBuildFile; fileRef = F5B76E8B1A576026007893A2 /* TimeDocument.xib */; };
		F5C11E111F12F94100E92D63 /* gpibutil.c in Sources */ = {isa = PBXBuildFile; fileRef = F5C11E101F12F94100E92D63 /* gpibutil.c */; };
		F5CAB1DF17E5452F005E8F84 /* BigView.m in Sources */ = {isa = PBXBuildFile; fileRef = F5CAB1DE17E5452F005E8F84 /* BigView.m */; };
		F5CAB22817E54772005E8F84 /* BigWindow.m in Sources */ = {isa = PBXBuildFile; fileRef = F5CAB22717E54772005E8F84 /* BigWindow.m */; };
		F5CEAFA918DBD5930033EA4C /* iwaspp.m in Sources */ = {isa = PBXBuildFile; fileRef = F5CEAFA818DBD5930033EA4C /* iwaspp.m */; };
		F5CEB05118DBD6740033EA4C /* IOBluetooth.framework in Frameworks */ = {isa = PBXBuildFile; fileRef = F5CEB04F18DBD6740033EA4C /* IOBluetooth.framework */; };
		F5CEB05218DBD6740033EA4C /* IOBluetoothUI.framework in Frameworks */ = {isa = PBXBuildFile; fileRef = F5CEB05018DBD6740033EA4C /* IOBluetoothUI.framework */; };
		F5D194CE1F397A2F00D5AFA5 /* fx2la.c in Sources */ = {isa = PBXBuildFile; fileRef = F5D194CD1F397A2F00D5AFA5 /* fx2la.c */; };
		F5D89C371F3280FB00CDC2CF /* MDSerial.xib in Resources */ = {isa = PBXBuildFile; fileRef = F5D89C361F3280FB00CDC2CF /* MDSerial.xib */; };
		F5D89C481F3281D400CDC2CF /* MDSerial.bundle in Plugin_copy */ = {isa = PBXBuildFile; fileRef = F5D89C2E1F3280A900CDC2CF /* MDSerial.bundle */; };
		F5D89C671F32838700CDC2CF /* MDSerial.m in Sources */ = {isa = PBXBuildFile; fileRef = F5CD66471F31C1F3003EE428 /* MDSerial.m */; };
		F5D89ECC1F32B66E00CDC2CF /* DecodeDocument.m in Sources */ = {isa = PBXBuildFile; fileRef = F5D89ECB1F32B66E00CDC2CF /* DecodeDocument.m */; };
		F5D89ED21F32B6BB00CDC2CF /* DecodeWindowController.m in Sources */ = {isa = PBXBuildFile; fileRef = F5D89ED11F32B6BB00CDC2CF /* DecodeWindowController.m */; };
		F5D89EDA1F32B70800CDC2CF /* DecodeView.m in Sources */ = {isa = PBXBuildFile; fileRef = F5D89ED91F32B70800CDC2CF /* DecodeView.m */; };
		F5D89F111F32B8BD00CDC2CF /* DecodeDocument.xib in Resources */ = {isa = PBXBuildFile; fileRef = F5D89F0F1F32B8BD00CDC2CF /* DecodeDocument.xib */; };
		F5DB5DF314A6A1E000218ED2 /* iwasio.c in Sources */ = {isa = PBXBuildFile; fileRef = F5DB5DF214A6A1E000218ED2 /* iwasio.c */; };
		F5DB5E7E14A6BB9900218ED2 /* serial.c in Sources */ = {isa = PBXBuildFile; fileRef = F5DB5E7D14A6BB9900218ED2 /* serial.c */; };
		F5DB5F3C14A6BC0700218ED2 /* IOKit.framework in Frameworks */ = {isa = PBXBuildFile; fileRef = F5DB5F3B14A6BC0700218ED2 /* IOKit.framework */; };
		F5DD4E0714B2FD2400D8CC61 /* metex.c in Sources */ = {isa = PBXBuildFile; fileRef = F5DD4E0614B2FD2400D8CC61 /* metex.c */; };
		F5E90BDE1F284CAD005B5364 /* pickit2.c in Sources */ = {isa = PBXBuildFile; fileRef = F5E90BDD1F284CAD005B5364 /* pickit2.c */; };
		F5F19EFA17E3FDC200A3C110 /* libftd2xx.dylib in Frameworks */ = {isa = PBXBuildFile; fileRef = F5F19EF917E3FDC200A3C110 /* libftd2xx.dylib */; };
		F5F19F0617E3FE1100A3C110 /* libftd2xx.dylib in Framework_copy */ = {isa = PBXBuildFile; fileRef = F5F19EF917E3FDC200A3C110 /* libftd2xx.dylib */; };
/* End PBXBuildFile section */

/* Begin PBXCopyFilesBuildPhase section */
		F50DF5681F31C9540079D68C /* Plugin_copy */ = {
			isa = PBXCopyFilesBuildPhase;
			buildActionMask = 2147483647;
			dstPath = "";
			dstSubfolderSpec = 13;
			files = (
				F5D89C481F3281D400CDC2CF /* MDSerial.bundle in Plugin_copy */,
			);
			name = Plugin_copy;
			runOnlyForDeploymentPostprocessing = 0;
		};
		F5B5C18014B001A8002E5677 /* Framework_copy */ = {
			isa = PBXCopyFilesBuildPhase;
			buildActionMask = 2147483647;
			dstPath = "";
			dstSubfolderSpec = 10;
			files = (
				F5F19F0617E3FE1100A3C110 /* libftd2xx.dylib in Framework_copy */,
			);
			name = Framework_copy;
			runOnlyForDeploymentPostprocessing = 0;
		};
/* End PBXCopyFilesBuildPhase section */

/* Begin PBXFileReference section */
		089C165DFE840E0CC02AAC07 /* English */ = {isa = PBXFileReference; fileEncoding = 4; lastKnownFileType = text.plist.strings; name = English; path = English.lproj/InfoPlist.strings; sourceTree = "<group>"; };
		1058C7A1FEA54F0111CA2CBB /* Cocoa.framework */ = {isa = PBXFileReference; lastKnownFileType = wrapper.framework; name = Cocoa.framework; path = /System/Library/Frameworks/Cocoa.framework; sourceTree = "<absolute>"; };
		13E42FB307B3F0F600E4EEF1 /* CoreData.framework */ = {isa = PBXFileReference; lastKnownFileType = wrapper.framework; name = CoreData.framework; path = /System/Library/Frameworks/CoreData.framework; sourceTree = "<absolute>"; };
		1DDD58150DA1D0A300B32029 /* English */ = {isa = PBXFileReference; lastKnownFileType = file.xib; name = English; path = English.lproj/MainMenu.xib; sourceTree = "<group>"; };
		256AC3D80F4B6AC300CF3369 /* MonkeyAppDelegate.h */ = {isa = PBXFileReference; fileEncoding = 4; lastKnownFileType = sourcecode.c.h; path = MonkeyAppDelegate.h; sourceTree = "<group>"; };
		256AC3D90F4B6AC300CF3369 /* MonkeyAppDelegate.m */ = {isa = PBXFileReference; fileEncoding = 4; lastKnownFileType = sourcecode.c.objc; path = MonkeyAppDelegate.m; sourceTree = "<group>"; };
		256AC3F00F4B6AF500CF3369 /* Monkey_Prefix.pch */ = {isa = PBXFileReference; fileEncoding = 4; lastKnownFileType = sourcecode.c.h; path = Monkey_Prefix.pch; sourceTree = "<group>"; };
		29B97316FDCFA39411CA2CEA /* main.m */ = {isa = PBXFileReference; fileEncoding = 4; lastKnownFileType = sourcecode.c.objc; path = main.m; sourceTree = "<group>"; };
		29B97324FDCFA39411CA2CEA /* AppKit.framework */ = {isa = PBXFileReference; lastKnownFileType = wrapper.framework; name = AppKit.framework; path = /System/Library/Frameworks/AppKit.framework; sourceTree = "<absolute>"; };
		29B97325FDCFA39411CA2CEA /* Foundation.framework */ = {isa = PBXFileReference; lastKnownFileType = wrapper.framework; name = Foundation.framework; path = /System/Library/Frameworks/Foundation.framework; sourceTree = "<absolute>"; };
		8D1107310486CEB800E47090 /* Monkey-Info.plist */ = {isa = PBXFileReference; fileEncoding = 4; lastKnownFileType = text.plist.xml; path = "Monkey-Info.plist"; sourceTree = "<group>"; };
		8D1107320486CEB800E47090 /* Monkey.app */ = {isa = PBXFileReference; explicitFileType = wrapper.application; includeInIndex = 0; path = Monkey.app; sourceTree = BUILT_PRODUCTS_DIR; };
		F587F51614AD446F00F2EBAE /* WaveWindowController.h */ = {isa = PBXFileReference; fileEncoding = 4; lastKnownFileType = sourcecode.c.h; path = WaveWindowController.h; sourceTree = "<group>"; };
		F587F51714AD446F00F2EBAE /* WaveWindowController.m */ = {isa = PBXFileReference; fileEncoding = 4; lastKnownFileType = sourcecode.c.objc; path = WaveWindowController.m; sourceTree = "<group>"; };
		F587F51B14AD453100F2EBAE /* WaveDocument.h */ = {isa = PBXFileReference; fileEncoding = 4; lastKnownFileType = sourcecode.c.h; path = WaveDocument.h; sourceTree = "<group>"; };
		F587F51C14AD453100F2EBAE /* WaveDocument.m */ = {isa = PBXFileReference; fileEncoding = 4; lastKnownFileType = sourcecode.c.objc; path = WaveDocument.m; sourceTree = "<group>"; };
		F587F60414AD5C1A00F2EBAE /* English */ = {isa = PBXFileReference; lastKnownFileType = file.xib; name = English; path = English.lproj/WaveDocument.xib; sourceTree = "<group>"; };
		F588012314BB2A8800850BD0 /* monkey.h */ = {isa = PBXFileReference; fileEncoding = 4; lastKnownFileType = sourcecode.c.h; path = monkey.h; sourceTree = "<group>"; };
		F59FC82314A9E99F00AC50E3 /* WaveView.h */ = {isa = PBXFileReference; fileEncoding = 4; lastKnownFileType = sourcecode.c.h; path = WaveView.h; sourceTree = "<group>"; };
		F59FC82414A9E99F00AC50E3 /* WaveView.m */ = {isa = PBXFileReference; fileEncoding = 4; lastKnownFileType = sourcecode.c.objc; path = WaveView.m; sourceTree = "<group>"; };
		F5A3872618DD669300E96337 /* Iwatsu.h */ = {isa = PBXFileReference; fileEncoding = 4; lastKnownFileType = sourcecode.c.h; path = Iwatsu.h; sourceTree = "<group>"; };
		F5A3872718DD669300E96337 /* Iwatsu.m */ = {isa = PBXFileReference; fileEncoding = 4; lastKnownFileType = sourcecode.c.objc; path = Iwatsu.m; sourceTree = "<group>"; };
		F5A698211F288434006B7A49 /* LogicDocument.h */ = {isa = PBXFileReference; fileEncoding = 4; lastKnownFileType = sourcecode.c.h; path = LogicDocument.h; sourceTree = "<group>"; };
		F5A698221F288434006B7A49 /* LogicDocument.m */ = {isa = PBXFileReference; fileEncoding = 4; lastKnownFileType = sourcecode.c.objc; path = LogicDocument.m; sourceTree = "<group>"; };
		F5A698261F288481006B7A49 /* LogicWindowController.h */ = {isa = PBXFileReference; fileEncoding = 4; lastKnownFileType = sourcecode.c.h; path = LogicWindowController.h; sourceTree = "<group>"; };
		F5A698271F288481006B7A49 /* LogicWindowController.m */ = {isa = PBXFileReference; fileEncoding = 4; lastKnownFileType = sourcecode.c.objc; path = LogicWindowController.m; sourceTree = "<group>"; };
		F5A6982B1F288499006B7A49 /* LogicView.h */ = {isa = PBXFileReference; fileEncoding = 4; lastKnownFileType = sourcecode.c.h; path = LogicView.h; sourceTree = "<group>"; };
		F5A6982C1F288499006B7A49 /* LogicView.m */ = {isa = PBXFileReference; fileEncoding = 4; lastKnownFileType = sourcecode.c.objc; path = LogicView.m; sourceTree = "<group>"; };
		F5A6982F1F2884D0006B7A49 /* English */ = {isa = PBXFileReference; lastKnownFileType = file.xib; name = English; path = English.lproj/LogicDocument.xib; sourceTree = "<group>"; };
		F5A7229414BA70F70035F5B8 /* TimeView.h */ = {isa = PBXFileReference; fileEncoding = 4; lastKnownFileType = sourcecode.c.h; path = TimeView.h; sourceTree = "<group>"; };
		F5A7229514BA70F70035F5B8 /* TimeView.m */ = {isa = PBXFileReference; fileEncoding = 4; lastKnownFileType = sourcecode.c.objc; path = TimeView.m; sourceTree = "<group>"; };
		F5AA89771F2EBE9C008070EA /* saru.icns */ = {isa = PBXFileReference; lastKnownFileType = image.icns; path = saru.icns; sourceTree = "<group>"; };
		F5AF802518DD2339007CD1E3 /* iwausb.h */ = {isa = PBXFileReference; fileEncoding = 4; lastKnownFileType = sourcecode.c.h; path = iwausb.h; sourceTree = "<group>"; };
		F5AF802618DD2339007CD1E3 /* iwausb.c */ = {isa = PBXFileReference; fileEncoding = 4; lastKnownFileType = sourcecode.c.c; path = iwausb.c; sourceTree = "<group>"; };
		F5B4C6DA1F2D619900760234 /* hid.h */ = {isa = PBXFileReference; fileEncoding = 4; lastKnownFileType = sourcecode.c.h; path = hid.h; sourceTree = "<group>"; };
		F5B4C6DB1F2D619900760234 /* hid.c */ = {isa = PBXFileReference; fileEncoding = 4; lastKnownFileType = sourcecode.c.c; path = hid.c; sourceTree = "<group>"; };
		F5B5C14514AFFF6B002E5677 /* ftgpib.h */ = {isa = PBXFileReference; fileEncoding = 4; lastKnownFileType = sourcecode.c.h; path = ftgpib.h; sourceTree = "<group>"; };
		F5B5C14614AFFF6B002E5677 /* ftgpib.c */ = {isa = PBXFileReference; fileEncoding = 4; lastKnownFileType = sourcecode.c.c; path = ftgpib.c; sourceTree = "<group>"; };
		F5B76E561A575C37007893A2 /* TimeDocument.h */ = {isa = PBXFileReference; fileEncoding = 4; lastKnownFileType = sourcecode.c.h; path = TimeDocument.h; sourceTree = "<group>"; };
		F5B76E571A575C37007893A2 /* TimeDocument.m */ = {isa = PBXFileReference; fileEncoding = 4; lastKnownFileType = sourcecode.c.objc; path = TimeDocument.m; sourceTree = "<group>"; };
		F5B76E5C1A575C56007893A2 /* TimeWindowController.h */ = {isa = PBXFileReference; fileEncoding = 4; lastKnownFileType = sourcecode.c.h; path = TimeWindowController.h; sourceTree = "<group>"; };
		F5B76E5D1A575C56007893A2 /* TimeWindowController.m */ = {isa = PBXFileReference; fileEncoding = 4; lastKnownFileType = sourcecode.c.objc; path = TimeWindowController.m; sourceTree = "<group>"; };
		F5B76E8C1A576026007893A2 /* English */ = {isa = PBXFileReference; lastKnownFileType = file.xib; name = English; path = English.lproj/TimeDocument.xib; sourceTree = "<group>"; };
		F5C11E0F1F12F94100E92D63 /* gpibutil.h */ = {isa = PBXFileReference; fileEncoding = 4; lastKnownFileType = sourcecode.c.h; path = gpibutil.h; sourceTree = "<group>"; };
		F5C11E101F12F94100E92D63 /* gpibutil.c */ = {isa = PBXFileReference; fileEncoding = 4; lastKnownFileType = sourcecode.c.c; path = gpibutil.c; sourceTree = "<group>"; };
		F5CAB1DD17E5452F005E8F84 /* BigView.h */ = {isa = PBXFileReference; fileEncoding = 4; lastKnownFileType = sourcecode.c.h; path = BigView.h; sourceTree = "<group>"; };
		F5CAB1DE17E5452F005E8F84 /* BigView.m */ = {isa = PBXFileReference; fileEncoding = 4; lastKnownFileType = sourcecode.c.objc; path = BigView.m; sourceTree = "<group>"; };
		F5CAB22617E54772005E8F84 /* BigWindow.h */ = {isa = PBXFileReference; fileEncoding = 4; lastKnownFileType = sourcecode.c.h; path = BigWindow.h; sourceTree = "<group>"; };
		F5CAB22717E54772005E8F84 /* BigWindow.m */ = {isa = PBXFileReference; fileEncoding = 4; lastKnownFileType = sourcecode.c.objc; path = BigWindow.m; sourceTree = "<group>"; };
		F5CD66461F31C1F3003EE428 /* MDSerial.h */ = {isa = PBXFileReference; fileEncoding = 4; lastKnownFileType = sourcecode.c.h; path = MDSerial.h; sourceTree = "<group>"; };
		F5CD66471F31C1F3003EE428 /* MDSerial.m */ = {isa = PBXFileReference; fileEncoding = 4; lastKnownFileType = sourcecode.c.objc; path = MDSerial.m; sourceTree = "<group>"; };
		F5CD66521F31C289003EE428 /* Plugin.h */ = {isa = PBXFileReference; fileEncoding = 4; lastKnownFileType = sourcecode.c.h; path = Plugin.h; sourceTree = "<group>"; };
		F5CEAFA718DBD5930033EA4C /* iwaspp.h */ = {isa = PBXFileReference; fileEncoding = 4; lastKnownFileType = sourcecode.c.h; path = iwaspp.h; sourceTree = "<group>"; };
		F5CEAFA818DBD5930033EA4C /* iwaspp.m */ = {isa = PBXFileReference; fileEncoding = 4; lastKnownFileType = sourcecode.c.objc; path = iwaspp.m; sourceTree = "<group>"; };
		F5CEB04F18DBD6740033EA4C /* IOBluetooth.framework */ = {isa = PBXFileReference; lastKnownFileType = wrapper.framework; name = IOBluetooth.framework; path = /System/Library/Frameworks/IOBluetooth.framework; sourceTree = "<absolute>"; };
		F5CEB05018DBD6740033EA4C /* IOBluetoothUI.framework */ = {isa = PBXFileReference; lastKnownFileType = wrapper.framework; name = IOBluetoothUI.framework; path = /System/Library/Frameworks/IOBluetoothUI.framework; sourceTree = "<absolute>"; };
		F5D194CC1F397A2F00D5AFA5 /* fx2la.h */ = {isa = PBXFileReference; fileEncoding = 4; lastKnownFileType = sourcecode.c.h; path = fx2la.h; sourceTree = "<group>"; };
		F5D194CD1F397A2F00D5AFA5 /* fx2la.c */ = {isa = PBXFileReference; fileEncoding = 4; lastKnownFileType = sourcecode.c.c; path = fx2la.c; sourceTree = "<group>"; };
		F5D89C2E1F3280A900CDC2CF /* MDSerial.bundle */ = {isa = PBXFileReference; explicitFileType = wrapper.cfbundle; includeInIndex = 0; path = MDSerial.bundle; sourceTree = BUILT_PRODUCTS_DIR; };
		F5D89C2F1F3280A900CDC2CF /* MDSerial-Info.plist */ = {isa = PBXFileReference; lastKnownFileType = text.plist.xml; path = "MDSerial-Info.plist"; sourceTree = "<group>"; };
		F5D89C361F3280FB00CDC2CF /* MDSerial.xib */ = {isa = PBXFileReference; lastKnownFileType = file.xib; path = MDSerial.xib; sourceTree = "<group>"; };
		F5D89ECA1F32B66E00CDC2CF /* DecodeDocument.h */ = {isa = PBXFileReference; fileEncoding = 4; lastKnownFileType = sourcecode.c.h; path = DecodeDocument.h; sourceTree = "<group>"; };
		F5D89ECB1F32B66E00CDC2CF /* DecodeDocument.m */ = {isa = PBXFileReference; fileEncoding = 4; lastKnownFileType = sourcecode.c.objc; path = DecodeDocument.m; sourceTree = "<group>"; };
		F5D89ED01F32B6BB00CDC2CF /* DecodeWindowController.h */ = {isa = PBXFileReference; fileEncoding = 4; lastKnownFileType = sourcecode.c.h; path = DecodeWindowController.h; sourceTree = "<group>"; };
		F5D89ED11F32B6BB00CDC2CF /* DecodeWindowController.m */ = {isa = PBXFileReference; fileEncoding = 4; lastKnownFileType = sourcecode.c.objc; path = DecodeWindowController.m; sourceTree = "<group>"; };
		F5D89ED81F32B70800CDC2CF /* DecodeView.h */ = {isa = PBXFileReference; fileEncoding = 4; lastKnownFileType = sourcecode.c.h; path = DecodeView.h; sourceTree = "<group>"; };
		F5D89ED91F32B70800CDC2CF /* DecodeView.m */ = {isa = PBXFileReference; fileEncoding = 4; lastKnownFileType = sourcecode.c.objc; path = DecodeView.m; sourceTree = "<group>"; };
		F5D89F101F32B8BD00CDC2CF /* English */ = {isa = PBXFileReference; lastKnownFileType = file.xib; name = English; path = English.lproj/DecodeDocument.xib; sourceTree = "<group>"; };
		F5DB5DF214A6A1E000218ED2 /* iwasio.c */ = {isa = PBXFileReference; fileEncoding = 4; lastKnownFileType = sourcecode.c.c; path = iwasio.c; sourceTree = "<group>"; };
		F5DB5E7D14A6BB9900218ED2 /* serial.c */ = {isa = PBXFileReference; fileEncoding = 4; lastKnownFileType = sourcecode.c.c; path = serial.c; sourceTree = "<group>"; };
		F5DB5F3B14A6BC0700218ED2 /* IOKit.framework */ = {isa = PBXFileReference; lastKnownFileType = wrapper.framework; name = IOKit.framework; path = /System/Library/Frameworks/IOKit.framework; sourceTree = "<absolute>"; };
		F5DB614514A6E4E200218ED2 /* serial.h */ = {isa = PBXFileReference; fileEncoding = 4; lastKnownFileType = sourcecode.c.h; path = serial.h; sourceTree = "<group>"; };
		F5DB614614A6E4EC00218ED2 /* iwasio.h */ = {isa = PBXFileReference; fileEncoding = 4; lastKnownFileType = sourcecode.c.h; path = iwasio.h; sourceTree = "<group>"; };
		F5DD4E0514B2FD2400D8CC61 /* metex.h */ = {isa = PBXFileReference; fileEncoding = 4; lastKnownFileType = sourcecode.c.h; path = metex.h; sourceTree = "<group>"; };
		F5DD4E0614B2FD2400D8CC61 /* metex.c */ = {isa = PBXFileReference; fileEncoding = 4; lastKnownFileType = sourcecode.c.c; path = metex.c; sourceTree = "<group>"; };
		F5E90BDC1F284CAD005B5364 /* pickit2.h */ = {isa = PBXFileReference; fileEncoding = 4; lastKnownFileType = sourcecode.c.h; path = pickit2.h; sourceTree = "<group>"; };
		F5E90BDD1F284CAD005B5364 /* pickit2.c */ = {isa = PBXFileReference; fileEncoding = 4; lastKnownFileType = sourcecode.c.c; path = pickit2.c; sourceTree = "<group>"; };
		F5F19EF917E3FDC200A3C110 /* libftd2xx.dylib */ = {isa = PBXFileReference; lastKnownFileType = "compiled.mach-o.dylib"; path = libftd2xx.dylib; sourceTree = "<group>"; };
/* End PBXFileReference section */

/* Begin PBXFrameworksBuildPhase section */
		8D11072E0486CEB800E47090 /* Frameworks */ = {
			isa = PBXFrameworksBuildPhase;
			buildActionMask = 2147483647;
			files = (
				8D11072F0486CEB800E47090 /* Cocoa.framework in Frameworks */,
				F5DB5F3C14A6BC0700218ED2 /* IOKit.framework in Frameworks */,
				F5F19EFA17E3FDC200A3C110 /* libftd2xx.dylib in Frameworks */,
				F5CEB05118DBD6740033EA4C /* IOBluetooth.framework in Frameworks */,
				F5CEB05218DBD6740033EA4C /* IOBluetoothUI.framework in Frameworks */,
			);
			runOnlyForDeploymentPostprocessing = 0;
		};
		F5D89C2C1F3280A900CDC2CF /* Frameworks */ = {
			isa = PBXFrameworksBuildPhase;
			buildActionMask = 2147483647;
			files = (
			);
			runOnlyForDeploymentPostprocessing = 0;
		};
/* End PBXFrameworksBuildPhase section */

/* Begin PBXGroup section */
		080E96DDFE201D6D7F000001 /* Classes */ = {
			isa = PBXGroup;
			children = (
				256AC3D80F4B6AC300CF3369 /* MonkeyAppDelegate.h */,
				256AC3D90F4B6AC300CF3369 /* MonkeyAppDelegate.m */,
				F5CAB1DD17E5452F005E8F84 /* BigView.h */,
				F5CAB1DE17E5452F005E8F84 /* BigView.m */,
				F5CAB22617E54772005E8F84 /* BigWindow.h */,
				F5CAB22717E54772005E8F84 /* BigWindow.m */,
				F5A3872618DD669300E96337 /* Iwatsu.h */,
				F5A3872718DD669300E96337 /* Iwatsu.m */,
				F5CD66521F31C289003EE428 /* Plugin.h */,
				F5B7706D1A5786CB007893A2 /* Time */,
				F5C1C1F11A477E4500615C27 /* Wave */,
				F5A698191F2883EE006B7A49 /* Logic */,
				F5D89EC71F32B47F00CDC2CF /* Decode */,
			);
			name = Classes;
			sourceTree = "<group>";
		};
		1058C7A0FEA54F0111CA2CBB /* Linked Frameworks */ = {
			isa = PBXGroup;
			children = (
				1058C7A1FEA54F0111CA2CBB /* Cocoa.framework */,
			);
			name = "Linked Frameworks";
			sourceTree = "<group>";
		};
		1058C7A2FEA54F0111CA2CBB /* Other Frameworks */ = {
			isa = PBXGroup;
			children = (
				F5CEB04F18DBD6740033EA4C /* IOBluetooth.framework */,
				F5CEB05018DBD6740033EA4C /* IOBluetoothUI.framework */,
				F5DB5F3B14A6BC0700218ED2 /* IOKit.framework */,
				29B97324FDCFA39411CA2CEA /* AppKit.framework */,
				13E42FB307B3F0F600E4EEF1 /* CoreData.framework */,
				29B97325FDCFA39411CA2CEA /* Foundation.framework */,
			);
			name = "Other Frameworks";
			sourceTree = "<group>";
		};
		19C28FACFE9D520D11CA2CBB /* Products */ = {
			isa = PBXGroup;
			children = (
				8D1107320486CEB800E47090 /* Monkey.app */,
				F5D89C2E1F3280A900CDC2CF /* MDSerial.bundle */,
			);
			name = Products;
			sourceTree = "<group>";
		};
		29B97314FDCFA39411CA2CEA /* Monkey */ = {
			isa = PBXGroup;
			children = (
				080E96DDFE201D6D7F000001 /* Classes */,
				29B97315FDCFA39411CA2CEA /* Other Sources */,
				F5CD66421F31C1A9003EE428 /* MDPlugin */,
				29B97317FDCFA39411CA2CEA /* Resources */,
				29B97323FDCFA39411CA2CEA /* Frameworks */,
				19C28FACFE9D520D11CA2CBB /* Products */,
			);
			name = Monkey;
			sourceTree = "<group>";
		};
		29B97315FDCFA39411CA2CEA /* Other Sources */ = {
			isa = PBXGroup;
			children = (
				F588012314BB2A8800850BD0 /* monkey.h */,
				256AC3F00F4B6AF500CF3369 /* Monkey_Prefix.pch */,
				29B97316FDCFA39411CA2CEA /* main.m */,
				F5DB5DF214A6A1E000218ED2 /* iwasio.c */,
				F5DB614614A6E4EC00218ED2 /* iwasio.h */,
				F5CEAFA718DBD5930033EA4C /* iwaspp.h */,
				F5CEAFA818DBD5930033EA4C /* iwaspp.m */,
				F5AF802518DD2339007CD1E3 /* iwausb.h */,
				F5AF802618DD2339007CD1E3 /* iwausb.c */,
				F5DB5E7D14A6BB9900218ED2 /* serial.c */,
				F5DB614514A6E4E200218ED2 /* serial.h */,
				F5B5C14514AFFF6B002E5677 /* ftgpib.h */,
				F5B5C14614AFFF6B002E5677 /* ftgpib.c */,
				F5DD4E0514B2FD2400D8CC61 /* metex.h */,
				F5DD4E0614B2FD2400D8CC61 /* metex.c */,
				F5C11E0F1F12F94100E92D63 /* gpibutil.h */,
				F5C11E101F12F94100E92D63 /* gpibutil.c */,
				F5E90BDC1F284CAD005B5364 /* pickit2.h */,
				F5E90BDD1F284CAD005B5364 /* pickit2.c */,
				F5B4C6DA1F2D619900760234 /* hid.h */,
				F5B4C6DB1F2D619900760234 /* hid.c */,
				F5D194CC1F397A2F00D5AFA5 /* fx2la.h */,
				F5D194CD1F397A2F00D5AFA5 /* fx2la.c */,
			);
			name = "Other Sources";
			sourceTree = "<group>";
		};
		29B97317FDCFA39411CA2CEA /* Resources */ = {
			isa = PBXGroup;
			children = (
				F5D89F0F1F32B8BD00CDC2CF /* DecodeDocument.xib */,
				F5A6982E1F2884D0006B7A49 /* LogicDocument.xib */,
				F5B76E8B1A576026007893A2 /* TimeDocument.xib */,
				F587F60314AD5C1A00F2EBAE /* WaveDocument.xib */,
				089C165CFE840E0CC02AAC07 /* InfoPlist.strings */,
				1DDD58140DA1D0A300B32029 /* MainMenu.xib */,
				8D1107310486CEB800E47090 /* Monkey-Info.plist */,
				F5AA89771F2EBE9C008070EA /* saru.icns */,
			);
			name = Resources;
			sourceTree = "<group>";
		};
		29B97323FDCFA39411CA2CEA /* Frameworks */ = {
			isa = PBXGroup;
			children = (
				F5B5C13C14AFFF23002E5677 /* My Framework */,
				1058C7A0FEA54F0111CA2CBB /* Linked Frameworks */,
				1058C7A2FEA54F0111CA2CBB /* Other Frameworks */,
			);
			name = Frameworks;
			sourceTree = "<group>";
		};
		F5A698191F2883EE006B7A49 /* Logic */ = {
			isa = PBXGroup;
			children = (
				F5A698211F288434006B7A49 /* LogicDocument.h */,
				F5A698221F288434006B7A49 /* LogicDocument.m */,
				F5A698261F288481006B7A49 /* LogicWindowController.h */,
				F5A698271F288481006B7A49 /* LogicWindowController.m */,
				F5A6982B1F288499006B7A49 /* LogicView.h */,
				F5A6982C1F288499006B7A49 /* LogicView.m */,
			);
			name = Logic;
			sourceTree = "<group>";
		};
		F5B5C13C14AFFF23002E5677 /* My Framework */ = {
			isa = PBXGroup;
			children = (
				F5F19EF917E3FDC200A3C110 /* libftd2xx.dylib */,
			);
			name = "My Framework";
			sourceTree = "<group>";
		};
		F5B7706D1A5786CB007893A2 /* Time */ = {
			isa = PBXGroup;
			children = (
				F5B76E561A575C37007893A2 /* TimeDocument.h */,
				F5B76E571A575C37007893A2 /* TimeDocument.m */,
				F5B76E5C1A575C56007893A2 /* TimeWindowController.h */,
				F5B76E5D1A575C56007893A2 /* TimeWindowController.m */,
				F5A7229414BA70F70035F5B8 /* TimeView.h */,
				F5A7229514BA70F70035F5B8 /* TimeView.m */,
			);
			name = Time;
			sourceTree = "<group>";
		};
		F5C1C1F11A477E4500615C27 /* Wave */ = {
			isa = PBXGroup;
			children = (
				F587F51B14AD453100F2EBAE /* WaveDocument.h */,
				F587F51C14AD453100F2EBAE /* WaveDocument.m */,
				F587F51614AD446F00F2EBAE /* WaveWindowController.h */,
				F587F51714AD446F00F2EBAE /* WaveWindowController.m */,
				F59FC82314A9E99F00AC50E3 /* WaveView.h */,
				F59FC82414A9E99F00AC50E3 /* WaveView.m */,
			);
			name = Wave;
			sourceTree = "<group>";
		};
		F5CD66421F31C1A9003EE428 /* MDPlugin */ = {
			isa = PBXGroup;
			children = (
				F5CD66461F31C1F3003EE428 /* MDSerial.h */,
				F5CD66471F31C1F3003EE428 /* MDSerial.m */,
				F5D89C361F3280FB00CDC2CF /* MDSerial.xib */,
				F5D89C2F1F3280A900CDC2CF /* MDSerial-Info.plist */,
			);
			name = MDPlugin;
			sourceTree = "<group>";
		};
		F5D89EC71F32B47F00CDC2CF /* Decode */ = {
			isa = PBXGroup;
			children = (
				F5D89ECA1F32B66E00CDC2CF /* DecodeDocument.h */,
				F5D89ECB1F32B66E00CDC2CF /* DecodeDocument.m */,
				F5D89ED01F32B6BB00CDC2CF /* DecodeWindowController.h */,
				F5D89ED11F32B6BB00CDC2CF /* DecodeWindowController.m */,
				F5D89ED81F32B70800CDC2CF /* DecodeView.h */,
				F5D89ED91F32B70800CDC2CF /* DecodeView.m */,
			);
			name = Decode;
			sourceTree = "<group>";
		};
/* End PBXGroup section */

/* Begin PBXNativeTarget section */
		8D1107260486CEB800E47090 /* Monkey */ = {
			isa = PBXNativeTarget;
			buildConfigurationList = C01FCF4A08A954540054247B /* Build configuration list for PBXNativeTarget "Monkey" */;
			buildPhases = (
				8D1107290486CEB800E47090 /* Resources */,
				8D11072C0486CEB800E47090 /* Sources */,
				8D11072E0486CEB800E47090 /* Frameworks */,
				F5B5C18014B001A8002E5677 /* Framework_copy */,
				F50DF5681F31C9540079D68C /* Plugin_copy */,
			);
			buildRules = (
			);
			dependencies = (
			);
			name = Monkey;
			productInstallPath = "$(HOME)/Applications";
			productName = Monkey;
			productReference = 8D1107320486CEB800E47090 /* Monkey.app */;
			productType = "com.apple.product-type.application";
		};
		F5D89C2D1F3280A900CDC2CF /* MDSerial */ = {
			isa = PBXNativeTarget;
			buildConfigurationList = F5D89C321F3280A900CDC2CF /* Build configuration list for PBXNativeTarget "MDSerial" */;
			buildPhases = (
				F5D89C2A1F3280A900CDC2CF /* Resources */,
				F5D89C2B1F3280A900CDC2CF /* Sources */,
				F5D89C2C1F3280A900CDC2CF /* Frameworks */,
			);
			buildRules = (
			);
			dependencies = (
			);
			name = MDSerial;
			productName = MDSerial;
			productReference = F5D89C2E1F3280A900CDC2CF /* MDSerial.bundle */;
			productType = "com.apple.product-type.bundle";
		};
/* End PBXNativeTarget section */

/* Begin PBXProject section */
		29B97313FDCFA39411CA2CEA /* Project object */ = {
			isa = PBXProject;
			buildConfigurationList = C01FCF4E08A954540054247B /* Build configuration list for PBXProject "Monkey" */;
			compatibilityVersion = "Xcode 3.1";
			developmentRegion = English;
			hasScannedForEncodings = 1;
			knownRegions = (
				English,
				Japanese,
				French,
				German,
			);
			mainGroup = 29B97314FDCFA39411CA2CEA /* Monkey */;
			projectDirPath = "";
			projectRoot = "";
			targets = (
				8D1107260486CEB800E47090 /* Monkey */,
				F5D89C2D1F3280A900CDC2CF /* MDSerial */,
			);
		};
/* End PBXProject section */

/* Begin PBXResourcesBuildPhase section */
		8D1107290486CEB800E47090 /* Resources */ = {
			isa = PBXResourcesBuildPhase;
			buildActionMask = 2147483647;
			files = (
				8D11072B0486CEB800E47090 /* InfoPlist.strings in Resources */,
				1DDD58160DA1D0A300B32029 /* MainMenu.xib in Resources */,
				F587F60514AD5C1A00F2EBAE /* WaveDocument.xib in Resources */,
				F5B76E8D1A576026007893A2 /* TimeDocument.xib in Resources */,
				F5A698301F2884D0006B7A49 /* LogicDocument.xib in Resources */,
				F5AA89781F2EBE9C008070EA /* saru.icns in Resources */,
				F5D89F111F32B8BD00CDC2CF /* DecodeDocument.xib in Resources */,
			);
			runOnlyForDeploymentPostprocessing = 0;
		};
		F5D89C2A1F3280A900CDC2CF /* Resources */ = {
			isa = PBXResourcesBuildPhase;
			buildActionMask = 2147483647;
			files = (
				F5D89C371F3280FB00CDC2CF /* MDSerial.xib in Resources */,
			);
			runOnlyForDeploymentPostprocessing = 0;
		};
/* End PBXResourcesBuildPhase section */

/* Begin PBXSourcesBuildPhase section */
		8D11072C0486CEB800E47090 /* Sources */ = {
			isa = PBXSourcesBuildPhase;
			buildActionMask = 2147483647;
			files = (
				8D11072D0486CEB800E47090 /* main.m in Sources */,
				256AC3DA0F4B6AC300CF3369 /* MonkeyAppDelegate.m in Sources */,
				F5DB5DF314A6A1E000218ED2 /* iwasio.c in Sources */,
				F5DB5E7E14A6BB9900218ED2 /* serial.c in Sources */,
				F59FC82514A9E99F00AC50E3 /* WaveView.m in Sources */,
				F587F51814AD446F00F2EBAE /* WaveWindowController.m in Sources */,
				F587F51D14AD453100F2EBAE /* WaveDocument.m in Sources */,
				F5B5C14714AFFF6B002E5677 /* ftgpib.c in Sources */,
				F5DD4E0714B2FD2400D8CC61 /* metex.c in Sources */,
				F5A7229614BA70F70035F5B8 /* TimeView.m in Sources */,
				F5CAB1DF17E5452F005E8F84 /* BigView.m in Sources */,
				F5CAB22817E54772005E8F84 /* BigWindow.m in Sources */,
				F5CEAFA918DBD5930033EA4C /* iwaspp.m in Sources */,
				F5AF802718DD2339007CD1E3 /* iwausb.c in Sources */,
				F5A3872818DD669300E96337 /* Iwatsu.m in Sources */,
				F5B76E581A575C37007893A2 /* TimeDocument.m in Sources */,
				F5B76E5E1A575C56007893A2 /* TimeWindowController.m in Sources */,
				F5C11E111F12F94100E92D63 /* gpibutil.c in Sources */,
				F5E90BDE1F284CAD005B5364 /* pickit2.c in Sources */,
				F5A698231F288434006B7A49 /* LogicDocument.m in Sources */,
				F5A698281F288481006B7A49 /* LogicWindowController.m in Sources */,
				F5A6982D1F288499006B7A49 /* LogicView.m in Sources */,
				F5B4C6DC1F2D619900760234 /* hid.c in Sources */,
				F5D89ECC1F32B66E00CDC2CF /* DecodeDocument.m in Sources */,
				F5D89ED21F32B6BB00CDC2CF /* DecodeWindowController.m in Sources */,
				F5D89EDA1F32B70800CDC2CF /* DecodeView.m in Sources */,
				F5D194CE1F397A2F00D5AFA5 /* fx2la.c in Sources */,
			);
			runOnlyForDeploymentPostprocessing = 0;
		};
		F5D89C2B1F3280A900CDC2CF /* Sources */ = {
			isa = PBXSourcesBuildPhase;
			buildActionMask = 2147483647;
			files = (
				F5D89C671F32838700CDC2CF /* MDSerial.m in Sources */,
			);
			runOnlyForDeploymentPostprocessing = 0;
		};
/* End PBXSourcesBuildPhase section */

/* Begin PBXVariantGroup section */
		089C165CFE840E0CC02AAC07 /* InfoPlist.strings */ = {
			isa = PBXVariantGroup;
			children = (
				089C165DFE840E0CC02AAC07 /* English */,
			);
			name = InfoPlist.strings;
			sourceTree = "<group>";
		};
		1DDD58140DA1D0A300B32029 /* MainMenu.xib */ = {
			isa = PBXVariantGroup;
			children = (
				1DDD58150DA1D0A300B32029 /* English */,
			);
			name = MainMenu.xib;
			sourceTree = "<group>";
		};
		F587F60314AD5C1A00F2EBAE /* WaveDocument.xib */ = {
			isa = PBXVariantGroup;
			children = (
				F587F60414AD5C1A00F2EBAE /* English */,
			);
			name = WaveDocument.xib;
			sourceTree = "<group>";
		};
		F5A6982E1F2884D0006B7A49 /* LogicDocument.xib */ = {
			isa = PBXVariantGroup;
			children = (
				F5A6982F1F2884D0006B7A49 /* English */,
			);
			name = LogicDocument.xib;
			sourceTree = "<group>";
		};
		F5B76E8B1A576026007893A2 /* TimeDocument.xib */ = {
			isa = PBXVariantGroup;
			children = (
				F5B76E8C1A576026007893A2 /* English */,
			);
			name = TimeDocument.xib;
			sourceTree = "<group>";
		};
		F5D89F0F1F32B8BD00CDC2CF /* DecodeDocument.xib */ = {
			isa = PBXVariantGroup;
			children = (
				F5D89F101F32B8BD00CDC2CF /* English */,
			);
			name = DecodeDocument.xib;
			sourceTree = "<group>";
		};
/* End PBXVariantGroup section */

/* Begin XCBuildConfiguration section */
		C01FCF4B08A954540054247B /* Debug */ = {
			isa = XCBuildConfiguration;
			buildSettings = {
				ALWAYS_SEARCH_USER_PATHS = NO;
				COPY_PHASE_STRIP = NO;
				GCC_DYNAMIC_NO_PIC = NO;
				GCC_ENABLE_FIX_AND_CONTINUE = YES;
				GCC_MODEL_TUNING = G5;
				GCC_OPTIMIZATION_LEVEL = 0;
				GCC_PRECOMPILE_PREFIX_HEADER = YES;
				GCC_PREFIX_HEADER = Monkey_Prefix.pch;
				INFOPLIST_FILE = "Monkey-Info.plist";
				INSTALL_PATH = "$(HOME)/Applications";
				LIBRARY_SEARCH_PATHS = (
					"$(inherited)",
					"\"$(SRCROOT)\"",
				);
				PRODUCT_NAME = Monkey;
			};
			name = Debug;
		};
		C01FCF4C08A954540054247B /* Release */ = {
			isa = XCBuildConfiguration;
			buildSettings = {
				ALWAYS_SEARCH_USER_PATHS = NO;
				DEBUG_INFORMATION_FORMAT = "dwarf-with-dsym";
				GCC_MODEL_TUNING = G5;
				GCC_PRECOMPILE_PREFIX_HEADER = YES;
				GCC_PREFIX_HEADER = Monkey_Prefix.pch;
				INFOPLIST_FILE = "Monkey-Info.plist";
				INSTALL_PATH = "$(HOME)/Applications";
				LIBRARY_SEARCH_PATHS = (
					"$(inherited)",
					"\"$(SRCROOT)\"",
				);
				PRODUCT_NAME = Monkey;
			};
			name = Release;
		};
		C01FCF4F08A954540054247B /* Debug */ = {
			isa = XCBuildConfiguration;
			buildSettings = {
				ARCHS = "$(ARCHS_STANDARD_32_64_BIT)";
				GCC_C_LANGUAGE_STANDARD = gnu99;
				GCC_OPTIMIZATION_LEVEL = 0;
				GCC_WARN_ABOUT_RETURN_TYPE = YES;
				GCC_WARN_UNUSED_VARIABLE = YES;
				ONLY_ACTIVE_ARCH = YES;
				PREBINDING = NO;
				SDKROOT = macosx10.6;
			};
			name = Debug;
		};
		C01FCF5008A954540054247B /* Release */ = {
			isa = XCBuildConfiguration;
			buildSettings = {
				ARCHS = "$(ARCHS_STANDARD_32_64_BIT)";
				GCC_C_LANGUAGE_STANDARD = gnu99;
				GCC_WARN_ABOUT_RETURN_TYPE = YES;
				GCC_WARN_UNUSED_VARIABLE = YES;
				PREBINDING = NO;
				SDKROOT = macosx10.6;
			};
			name = Release;
		};
		F5D89C301F3280A900CDC2CF /* Debug */ = {
			isa = XCBuildConfiguration;
			buildSettings = {
				ALWAYS_SEARCH_USER_PATHS = NO;
				COPY_PHASE_STRIP = NO;
				GCC_DYNAMIC_NO_PIC = NO;
				GCC_ENABLE_FIX_AND_CONTINUE = YES;
				GCC_MODEL_TUNING = G5;
				GCC_OPTIMIZATION_LEVEL = 0;
				GCC_PRECOMPILE_PREFIX_HEADER = YES;
				GCC_PREFIX_HEADER = Monkey_Prefix.pch;
				INFOPLIST_FILE = "MDSerial-Info.plist";
				INSTALL_PATH = "$(HOME)/Library/Bundles";
				OTHER_LDFLAGS = (
					"-framework",
					Foundation,
					"-framework",
					AppKit,
				);
				PREBINDING = NO;
				PRODUCT_NAME = MDSerial;
				WRAPPER_EXTENSION = bundle;
			};
			name = Debug;
		};
		F5D89C311F3280A900CDC2CF /* Release */ = {
			isa = XCBuildConfiguration;
			buildSettings = {
				ALWAYS_SEARCH_USER_PATHS = NO;
				COPY_PHASE_STRIP = YES;
				DEBUG_INFORMATION_FORMAT = "dwarf-with-dsym";
				GCC_ENABLE_FIX_AND_CONTINUE = NO;
				GCC_MODEL_TUNING = G5;
				GCC_PRECOMPILE_PREFIX_HEADER = YES;
				GCC_PREFIX_HEADER = Monkey_Prefix.pch;
				INFOPLIST_FILE = "MDSerial-Info.plist";
				INSTALL_PATH = "$(HOME)/Library/Bundles";
				OTHER_LDFLAGS = (
					"-framework",
					Foundation,
					"-framework",
					AppKit,
				);
				PREBINDING = NO;
				PRODUCT_NAME = MDSerial;
				WRAPPER_EXTENSION = bundle;
				ZERO_LINK = NO;
			};
			name = Release;
		};
/* End XCBuildConfiguration section */

/* Begin XCConfigurationList section */
		C01FCF4A08A954540054247B /* Build configuration list for PBXNativeTarget "Monkey" */ = {
			isa = XCConfigurationList;
			buildConfigurations = (
				C01FCF4B08A954540054247B /* Debug */,
				C01FCF4C08A954540054247B /* Release */,
			);
			defaultConfigurationIsVisible = 0;
			defaultConfigurationName = Release;
		};
		C01FCF4E08A954540054247B /* Build configuration list for PBXProject "Monkey" */ = {
			isa = XCConfigurationList;
			buildConfigurations = (
				C01FCF4F08A954540054247B /* Debug */,
				C01FCF5008A954540054247B /* Release */,
			);
			defaultConfigurationIsVisible = 0;
			defaultConfigurationName = Release;
		};
		F5D89C321F3280A900CDC2CF /* Build configuration list for PBXNativeTarget "MDSerial" */ = {
			isa = XCConfigurationList;
			buildConfigurations = (
				F5D89C301F3280A900CDC2CF /* Debug */,
				F5D89C311F3280A900CDC2CF /* Release */,
			);
			defaultConfigurationIsVisible = 0;
			defaultConfigurationName = Release;
		};
/* End XCConfigurationList section */
	};
	rootObject = 29B97313FDCFA39411CA2CEA /* Project object */;
}
