// !$*UTF8*$!
{
	archiveVersion = 1;
	classes = {
	};
	objectVersion = 45;
	objects = {

/* Begin PBXBuildFile section */
		1DDD58160DA1D0A300B32029 /* MainMenu.xib in Resources */ = {isa = PBXBuildFile; fileRef = 1DDD58140DA1D0A300B32029 /* MainMenu.xib */; };
		256AC3DA0F4B6AC300CF3369 /* MonkeyAppDelegate.m in Sources */ = {isa = PBXBuildFile; fileRef = 256AC3D90F4B6AC300CF3369 /* MonkeyAppDelegate.m */; };
		8D11072B0486CEB800E47090 /* InfoPlist.strings in Resources */ = {isa = PBXBuildFile; fileRef = 089C165CFE840E0CC02AAC07 /* InfoPlist.strings */; };
		8D11072D0486CEB800E47090 /* main.m in Sources */ = {isa = PBXBuildFile; fileRef = 29B97316FDCFA39411CA2CEA /* main.m */; settings = {ATTRIBUTES = (); }; };
		8D11072F0486CEB800E47090 /* Cocoa.framework in Frameworks */ = {isa = PBXBuildFile; fileRef = 1058C7A1FEA54F0111CA2CBB /* Cocoa.framework */; };
		F587F51814AD446F00F2EBAE /* MyWindowController.m in Sources */ = {isa = PBXBuildFile; fileRef = F587F51714AD446F00F2EBAE /* MyWindowController.m */; };
		F587F51D14AD453100F2EBAE /* MyDocument.m in Sources */ = {isa = PBXBuildFile; fileRef = F587F51C14AD453100F2EBAE /* MyDocument.m */; };
		F587F60514AD5C1A00F2EBAE /* MyDocument.xib in Resources */ = {isa = PBXBuildFile; fileRef = F587F60314AD5C1A00F2EBAE /* MyDocument.xib */; };
		F59FC82514A9E99F00AC50E3 /* WaveView.m in Sources */ = {isa = PBXBuildFile; fileRef = F59FC82414A9E99F00AC50E3 /* WaveView.m */; };
		F5A7229614BA70F70035F5B8 /* TimeView.m in Sources */ = {isa = PBXBuildFile; fileRef = F5A7229514BA70F70035F5B8 /* TimeView.m */; };
		F5B5C14714AFFF6B002E5677 /* ftgpib.c in Sources */ = {isa = PBXBuildFile; fileRef = F5B5C14614AFFF6B002E5677 /* ftgpib.c */; };
		F5CAB1DF17E5452F005E8F84 /* BigView.m in Sources */ = {isa = PBXBuildFile; fileRef = F5CAB1DE17E5452F005E8F84 /* BigView.m */; };
		F5CAB22817E54772005E8F84 /* BigWindow.m in Sources */ = {isa = PBXBuildFile; fileRef = F5CAB22717E54772005E8F84 /* BigWindow.m */; };
		F5DB5DF314A6A1E000218ED2 /* iwasio.c in Sources */ = {isa = PBXBuildFile; fileRef = F5DB5DF214A6A1E000218ED2 /* iwasio.c */; };
		F5DB5E7E14A6BB9900218ED2 /* serial.c in Sources */ = {isa = PBXBuildFile; fileRef = F5DB5E7D14A6BB9900218ED2 /* serial.c */; };
		F5DB5F3C14A6BC0700218ED2 /* IOKit.framework in Frameworks */ = {isa = PBXBuildFile; fileRef = F5DB5F3B14A6BC0700218ED2 /* IOKit.framework */; };
		F5DD4E0714B2FD2400D8CC61 /* metex.c in Sources */ = {isa = PBXBuildFile; fileRef = F5DD4E0614B2FD2400D8CC61 /* metex.c */; };
		F5F19EFA17E3FDC200A3C110 /* libftd2xx.dylib in Frameworks */ = {isa = PBXBuildFile; fileRef = F5F19EF917E3FDC200A3C110 /* libftd2xx.dylib */; };
		F5F19F0617E3FE1100A3C110 /* libftd2xx.dylib in CopyFiles */ = {isa = PBXBuildFile; fileRef = F5F19EF917E3FDC200A3C110 /* libftd2xx.dylib */; };
/* End PBXBuildFile section */

/* Begin PBXCopyFilesBuildPhase section */
		F5B5C18014B001A8002E5677 /* CopyFiles */ = {
			isa = PBXCopyFilesBuildPhase;
			buildActionMask = 2147483647;
			dstPath = "";
			dstSubfolderSpec = 10;
			files = (
				F5F19F0617E3FE1100A3C110 /* libftd2xx.dylib in CopyFiles */,
			);
			runOnlyForDeploymentPostprocessing = 0;
		};
/* End PBXCopyFilesBuildPhase section */

/* Begin PBXFileReference section */
		089C165DFE840E0CC02AAC07 /* English */ = {isa = PBXFileReference; fileEncoding = 4; lastKnownFileType = text.plist.strings; name = English; path = English.lproj/InfoPlist.strings; sourceTree = "<group>"; };
		1058C7A1FEA54F0111CA2CBB /* Cocoa.framework */ = {isa = PBXFileReference; lastKnownFileType = wrapper.framework; name = Cocoa.framework; path = /System/Library/Frameworks/Cocoa.framework; sourceTree = "<absolute>"; };
		13E42FB307B3F0F600E4EEF1 /* CoreData.framework */ = {isa = PBXFileReference; lastKnownFileType = wrapper.framework; name = CoreData.framework; path = /System/Library/Frameworks/CoreData.framework; sourceTree = "<absolute>"; };
		1DDD58150DA1D0A300B32029 /* English */ = {isa = PBXFileReference; lastKnownFileType = file.xib; name = English; path = English.lproj/MainMenu.xib; sourceTree = "<group>"; };
		256AC3D80F4B6AC300CF3369 /* MonkeyAppDelegate.h */ = {isa = PBXFileReference; fileEncoding = 4; lastKnownFileType = sourcecode.c.h; path = MonkeyAppDelegate.h; sourceTree = "<group>"; };
		256AC3D90F4B6AC300CF3369 /* MonkeyAppDelegate.m */ = {isa = PBXFileReference; fileEncoding = 4; lastKnownFileType = sourcecode.c.objc; path = MonkeyAppDelegate.m; sourceTree = "<group>"; };
		256AC3F00F4B6AF500CF3369 /* Monkey_Prefix.pch */ = {isa = PBXFileReference; fileEncoding = 4; lastKnownFileType = sourcecode.c.h; path = Monkey_Prefix.pch; sourceTree = "<group>"; };
		29B97316FDCFA39411CA2CEA /* main.m */ = {isa = PBXFileReference; fileEncoding = 4; lastKnownFileType = sourcecode.c.objc; path = main.m; sourceTree = "<group>"; };
		29B97324FDCFA39411CA2CEA /* AppKit.framework */ = {isa = PBXFileReference; lastKnownFileType = wrapper.framework; name = AppKit.framework; path = /System/Library/Frameworks/AppKit.framework; sourceTree = "<absolute>"; };
		29B97325FDCFA39411CA2CEA /* Foundation.framework */ = {isa = PBXFileReference; lastKnownFileType = wrapper.framework; name = Foundation.framework; path = /System/Library/Frameworks/Foundation.framework; sourceTree = "<absolute>"; };
		8D1107310486CEB800E47090 /* Monkey-Info.plist */ = {isa = PBXFileReference; fileEncoding = 4; lastKnownFileType = text.plist.xml; path = "Monkey-Info.plist"; sourceTree = "<group>"; };
		8D1107320486CEB800E47090 /* Monkey.app */ = {isa = PBXFileReference; explicitFileType = wrapper.application; includeInIndex = 0; path = Monkey.app; sourceTree = BUILT_PRODUCTS_DIR; };
		F587F51614AD446F00F2EBAE /* MyWindowController.h */ = {isa = PBXFileReference; fileEncoding = 4; lastKnownFileType = sourcecode.c.h; path = MyWindowController.h; sourceTree = "<group>"; };
		F587F51714AD446F00F2EBAE /* MyWindowController.m */ = {isa = PBXFileReference; fileEncoding = 4; lastKnownFileType = sourcecode.c.objc; path = MyWindowController.m; sourceTree = "<group>"; };
		F587F51B14AD453100F2EBAE /* MyDocument.h */ = {isa = PBXFileReference; fileEncoding = 4; lastKnownFileType = sourcecode.c.h; path = MyDocument.h; sourceTree = "<group>"; };
		F587F51C14AD453100F2EBAE /* MyDocument.m */ = {isa = PBXFileReference; fileEncoding = 4; lastKnownFileType = sourcecode.c.objc; path = MyDocument.m; sourceTree = "<group>"; };
		F587F60414AD5C1A00F2EBAE /* English */ = {isa = PBXFileReference; lastKnownFileType = file.xib; name = English; path = English.lproj/MyDocument.xib; sourceTree = "<group>"; };
		F588012314BB2A8800850BD0 /* monkey.h */ = {isa = PBXFileReference; fileEncoding = 4; lastKnownFileType = sourcecode.c.h; path = monkey.h; sourceTree = "<group>"; };
		F59FC82314A9E99F00AC50E3 /* WaveView.h */ = {isa = PBXFileReference; fileEncoding = 4; lastKnownFileType = sourcecode.c.h; path = WaveView.h; sourceTree = "<group>"; };
		F59FC82414A9E99F00AC50E3 /* WaveView.m */ = {isa = PBXFileReference; fileEncoding = 4; lastKnownFileType = sourcecode.c.objc; path = WaveView.m; sourceTree = "<group>"; };
		F5A7229414BA70F70035F5B8 /* TimeView.h */ = {isa = PBXFileReference; fileEncoding = 4; lastKnownFileType = sourcecode.c.h; path = TimeView.h; sourceTree = "<group>"; };
		F5A7229514BA70F70035F5B8 /* TimeView.m */ = {isa = PBXFileReference; fileEncoding = 4; lastKnownFileType = sourcecode.c.objc; path = TimeView.m; sourceTree = "<group>"; };
		F5B5C14514AFFF6B002E5677 /* ftgpib.h */ = {isa = PBXFileReference; fileEncoding = 4; lastKnownFileType = sourcecode.c.h; path = ftgpib.h; sourceTree = "<group>"; };
		F5B5C14614AFFF6B002E5677 /* ftgpib.c */ = {isa = PBXFileReference; fileEncoding = 4; lastKnownFileType = sourcecode.c.c; path = ftgpib.c; sourceTree = "<group>"; };
		F5CAB1DD17E5452F005E8F84 /* BigView.h */ = {isa = PBXFileReference; fileEncoding = 4; lastKnownFileType = sourcecode.c.h; path = BigView.h; sourceTree = "<group>"; };
		F5CAB1DE17E5452F005E8F84 /* BigView.m */ = {isa = PBXFileReference; fileEncoding = 4; lastKnownFileType = sourcecode.c.objc; path = BigView.m; sourceTree = "<group>"; };
		F5CAB22617E54772005E8F84 /* BigWindow.h */ = {isa = PBXFileReference; fileEncoding = 4; lastKnownFileType = sourcecode.c.h; path = BigWindow.h; sourceTree = "<group>"; };
		F5CAB22717E54772005E8F84 /* BigWindow.m */ = {isa = PBXFileReference; fileEncoding = 4; lastKnownFileType = sourcecode.c.objc; path = BigWindow.m; sourceTree = "<group>"; };
		F5DB5DF214A6A1E000218ED2 /* iwasio.c */ = {isa = PBXFileReference; fileEncoding = 4; lastKnownFileType = sourcecode.c.c; path = iwasio.c; sourceTree = "<group>"; };
		F5DB5E7D14A6BB9900218ED2 /* serial.c */ = {isa = PBXFileReference; fileEncoding = 4; lastKnownFileType = sourcecode.c.c; path = serial.c; sourceTree = "<group>"; };
		F5DB5F3B14A6BC0700218ED2 /* IOKit.framework */ = {isa = PBXFileReference; lastKnownFileType = wrapper.framework; name = IOKit.framework; path = /System/Library/Frameworks/IOKit.framework; sourceTree = "<absolute>"; };
		F5DB614514A6E4E200218ED2 /* serial.h */ = {isa = PBXFileReference; fileEncoding = 4; lastKnownFileType = sourcecode.c.h; path = serial.h; sourceTree = "<group>"; };
		F5DB614614A6E4EC00218ED2 /* iwasio.h */ = {isa = PBXFileReference; fileEncoding = 4; lastKnownFileType = sourcecode.c.h; path = iwasio.h; sourceTree = "<group>"; };
		F5DD4E0514B2FD2400D8CC61 /* metex.h */ = {isa = PBXFileReference; fileEncoding = 4; lastKnownFileType = sourcecode.c.h; path = metex.h; sourceTree = "<group>"; };
		F5DD4E0614B2FD2400D8CC61 /* metex.c */ = {isa = PBXFileReference; fileEncoding = 4; lastKnownFileType = sourcecode.c.c; path = metex.c; sourceTree = "<group>"; };
		F5F19EF917E3FDC200A3C110 /* libftd2xx.dylib */ = {isa = PBXFileReference; lastKnownFileType = "compiled.mach-o.dylib"; path = libftd2xx.dylib; sourceTree = "<group>"; };
/* End PBXFileReference section */

/* Begin PBXFrameworksBuildPhase section */
		8D11072E0486CEB800E47090 /* Frameworks */ = {
			isa = PBXFrameworksBuildPhase;
			buildActionMask = 2147483647;
			files = (
				8D11072F0486CEB800E47090 /* Cocoa.framework in Frameworks */,
				F5DB5F3C14A6BC0700218ED2 /* IOKit.framework in Frameworks */,
				F5F19EFA17E3FDC200A3C110 /* libftd2xx.dylib in Frameworks */,
			);
			runOnlyForDeploymentPostprocessing = 0;
		};
/* End PBXFrameworksBuildPhase section */

/* Begin PBXGroup section */
		080E96DDFE201D6D7F000001 /* Classes */ = {
			isa = PBXGroup;
			children = (
				F587F51B14AD453100F2EBAE /* MyDocument.h */,
				F587F51C14AD453100F2EBAE /* MyDocument.m */,
				F587F51614AD446F00F2EBAE /* MyWindowController.h */,
				F587F51714AD446F00F2EBAE /* MyWindowController.m */,
				256AC3D80F4B6AC300CF3369 /* MonkeyAppDelegate.h */,
				256AC3D90F4B6AC300CF3369 /* MonkeyAppDelegate.m */,
				F59FC82314A9E99F00AC50E3 /* WaveView.h */,
				F59FC82414A9E99F00AC50E3 /* WaveView.m */,
				F5A7229414BA70F70035F5B8 /* TimeView.h */,
				F5A7229514BA70F70035F5B8 /* TimeView.m */,
				F5CAB1DD17E5452F005E8F84 /* BigView.h */,
				F5CAB1DE17E5452F005E8F84 /* BigView.m */,
				F5CAB22617E54772005E8F84 /* BigWindow.h */,
				F5CAB22717E54772005E8F84 /* BigWindow.m */,
			);
			name = Classes;
			sourceTree = "<group>";
		};
		1058C7A0FEA54F0111CA2CBB /* Linked Frameworks */ = {
			isa = PBXGroup;
			children = (
				1058C7A1FEA54F0111CA2CBB /* Cocoa.framework */,
			);
			name = "Linked Frameworks";
			sourceTree = "<group>";
		};
		1058C7A2FEA54F0111CA2CBB /* Other Frameworks */ = {
			isa = PBXGroup;
			children = (
				F5DB5F3B14A6BC0700218ED2 /* IOKit.framework */,
				29B97324FDCFA39411CA2CEA /* AppKit.framework */,
				13E42FB307B3F0F600E4EEF1 /* CoreData.framework */,
				29B97325FDCFA39411CA2CEA /* Foundation.framework */,
			);
			name = "Other Frameworks";
			sourceTree = "<group>";
		};
		19C28FACFE9D520D11CA2CBB /* Products */ = {
			isa = PBXGroup;
			children = (
				8D1107320486CEB800E47090 /* Monkey.app */,
			);
			name = Products;
			sourceTree = "<group>";
		};
		29B97314FDCFA39411CA2CEA /* Monkey */ = {
			isa = PBXGroup;
			children = (
				080E96DDFE201D6D7F000001 /* Classes */,
				29B97315FDCFA39411CA2CEA /* Other Sources */,
				29B97317FDCFA39411CA2CEA /* Resources */,
				29B97323FDCFA39411CA2CEA /* Frameworks */,
				19C28FACFE9D520D11CA2CBB /* Products */,
			);
			name = Monkey;
			sourceTree = "<group>";
		};
		29B97315FDCFA39411CA2CEA /* Other Sources */ = {
			isa = PBXGroup;
			children = (
				F588012314BB2A8800850BD0 /* monkey.h */,
				256AC3F00F4B6AF500CF3369 /* Monkey_Prefix.pch */,
				29B97316FDCFA39411CA2CEA /* main.m */,
				F5DB5DF214A6A1E000218ED2 /* iwasio.c */,
				F5DB614614A6E4EC00218ED2 /* iwasio.h */,
				F5DB5E7D14A6BB9900218ED2 /* serial.c */,
				F5DB614514A6E4E200218ED2 /* serial.h */,
				F5B5C14514AFFF6B002E5677 /* ftgpib.h */,
				F5B5C14614AFFF6B002E5677 /* ftgpib.c */,
				F5DD4E0514B2FD2400D8CC61 /* metex.h */,
				F5DD4E0614B2FD2400D8CC61 /* metex.c */,
			);
			name = "Other Sources";
			sourceTree = "<group>";
		};
		29B97317FDCFA39411CA2CEA /* Resources */ = {
			isa = PBXGroup;
			children = (
				F587F60314AD5C1A00F2EBAE /* MyDocument.xib */,
				8D1107310486CEB800E47090 /* Monkey-Info.plist */,
				089C165CFE840E0CC02AAC07 /* InfoPlist.strings */,
				1DDD58140DA1D0A300B32029 /* MainMenu.xib */,
			);
			name = Resources;
			sourceTree = "<group>";
		};
		29B97323FDCFA39411CA2CEA /* Frameworks */ = {
			isa = PBXGroup;
			children = (
				F5B5C13C14AFFF23002E5677 /* My Framework */,
				1058C7A0FEA54F0111CA2CBB /* Linked Frameworks */,
				1058C7A2FEA54F0111CA2CBB /* Other Frameworks */,
			);
			name = Frameworks;
			sourceTree = "<group>";
		};
		F5B5C13C14AFFF23002E5677 /* My Framework */ = {
			isa = PBXGroup;
			children = (
				F5F19EF917E3FDC200A3C110 /* libftd2xx.dylib */,
			);
			name = "My Framework";
			sourceTree = "<group>";
		};
/* End PBXGroup section */

/* Begin PBXNativeTarget section */
		8D1107260486CEB800E47090 /* Monkey */ = {
			isa = PBXNativeTarget;
			buildConfigurationList = C01FCF4A08A954540054247B /* Build configuration list for PBXNativeTarget "Monkey" */;
			buildPhases = (
				8D1107290486CEB800E47090 /* Resources */,
				8D11072C0486CEB800E47090 /* Sources */,
				8D11072E0486CEB800E47090 /* Frameworks */,
				F5B5C18014B001A8002E5677 /* CopyFiles */,
			);
			buildRules = (
			);
			dependencies = (
			);
			name = Monkey;
			productInstallPath = "$(HOME)/Applications";
			productName = Monkey;
			productReference = 8D1107320486CEB800E47090 /* Monkey.app */;
			productType = "com.apple.product-type.application";
		};
/* End PBXNativeTarget section */

/* Begin PBXProject section */
		29B97313FDCFA39411CA2CEA /* Project object */ = {
			isa = PBXProject;
			buildConfigurationList = C01FCF4E08A954540054247B /* Build configuration list for PBXProject "Monkey" */;
			compatibilityVersion = "Xcode 3.1";
			developmentRegion = English;
			hasScannedForEncodings = 1;
			knownRegions = (
				English,
				Japanese,
				French,
				German,
			);
			mainGroup = 29B97314FDCFA39411CA2CEA /* Monkey */;
			projectDirPath = "";
			projectRoot = "";
			targets = (
				8D1107260486CEB800E47090 /* Monkey */,
			);
		};
/* End PBXProject section */

/* Begin PBXResourcesBuildPhase section */
		8D1107290486CEB800E47090 /* Resources */ = {
			isa = PBXResourcesBuildPhase;
			buildActionMask = 2147483647;
			files = (
				8D11072B0486CEB800E47090 /* InfoPlist.strings in Resources */,
				1DDD58160DA1D0A300B32029 /* MainMenu.xib in Resources */,
				F587F60514AD5C1A00F2EBAE /* MyDocument.xib in Resources */,
			);
			runOnlyForDeploymentPostprocessing = 0;
		};
/* End PBXResourcesBuildPhase section */

/* Begin PBXSourcesBuildPhase section */
		8D11072C0486CEB800E47090 /* Sources */ = {
			isa = PBXSourcesBuildPhase;
			buildActionMask = 2147483647;
			files = (
				8D11072D0486CEB800E47090 /* main.m in Sources */,
				256AC3DA0F4B6AC300CF3369 /* MonkeyAppDelegate.m in Sources */,
				F5DB5DF314A6A1E000218ED2 /* iwasio.c in Sources */,
				F5DB5E7E14A6BB9900218ED2 /* serial.c in Sources */,
				F59FC82514A9E99F00AC50E3 /* WaveView.m in Sources */,
				F587F51814AD446F00F2EBAE /* MyWindowController.m in Sources */,
				F587F51D14AD453100F2EBAE /* MyDocument.m in Sources */,
				F5B5C14714AFFF6B002E5677 /* ftgpib.c in Sources */,
				F5DD4E0714B2FD2400D8CC61 /* metex.c in Sources */,
				F5A7229614BA70F70035F5B8 /* TimeView.m in Sources */,
				F5CAB1DF17E5452F005E8F84 /* BigView.m in Sources */,
				F5CAB22817E54772005E8F84 /* BigWindow.m in Sources */,
			);
			runOnlyForDeploymentPostprocessing = 0;
		};
/* End PBXSourcesBuildPhase section */

/* Begin PBXVariantGroup section */
		089C165CFE840E0CC02AAC07 /* InfoPlist.strings */ = {
			isa = PBXVariantGroup;
			children = (
				089C165DFE840E0CC02AAC07 /* English */,
			);
			name = InfoPlist.strings;
			sourceTree = "<group>";
		};
		1DDD58140DA1D0A300B32029 /* MainMenu.xib */ = {
			isa = PBXVariantGroup;
			children = (
				1DDD58150DA1D0A300B32029 /* English */,
			);
			name = MainMenu.xib;
			sourceTree = "<group>";
		};
		F587F60314AD5C1A00F2EBAE /* MyDocument.xib */ = {
			isa = PBXVariantGroup;
			children = (
				F587F60414AD5C1A00F2EBAE /* English */,
			);
			name = MyDocument.xib;
			sourceTree = "<group>";
		};
/* End PBXVariantGroup section */

/* Begin XCBuildConfiguration section */
		C01FCF4B08A954540054247B /* Debug */ = {
			isa = XCBuildConfiguration;
			buildSettings = {
				ALWAYS_SEARCH_USER_PATHS = NO;
				COPY_PHASE_STRIP = NO;
				GCC_DYNAMIC_NO_PIC = NO;
				GCC_ENABLE_FIX_AND_CONTINUE = YES;
				GCC_MODEL_TUNING = G5;
				GCC_OPTIMIZATION_LEVEL = 0;
				GCC_PRECOMPILE_PREFIX_HEADER = YES;
				GCC_PREFIX_HEADER = Monkey_Prefix.pch;
				INFOPLIST_FILE = "Monkey-Info.plist";
				INSTALL_PATH = "$(HOME)/Applications";
				LIBRARY_SEARCH_PATHS = (
					"$(inherited)",
					"\"$(SRCROOT)\"",
				);
				PRODUCT_NAME = Monkey;
			};
			name = Debug;
		};
		C01FCF4C08A954540054247B /* Release */ = {
			isa = XCBuildConfiguration;
			buildSettings = {
				ALWAYS_SEARCH_USER_PATHS = NO;
				DEBUG_INFORMATION_FORMAT = "dwarf-with-dsym";
				GCC_MODEL_TUNING = G5;
				GCC_PRECOMPILE_PREFIX_HEADER = YES;
				GCC_PREFIX_HEADER = Monkey_Prefix.pch;
				INFOPLIST_FILE = "Monkey-Info.plist";
				INSTALL_PATH = "$(HOME)/Applications";
				LIBRARY_SEARCH_PATHS = (
					"$(inherited)",
					"\"$(SRCROOT)\"",
				);
				PRODUCT_NAME = Monkey;
			};
			name = Release;
		};
		C01FCF4F08A954540054247B /* Debug */ = {
			isa = XCBuildConfiguration;
			buildSettings = {
				ARCHS = "$(ARCHS_STANDARD_32_64_BIT)";
				GCC_C_LANGUAGE_STANDARD = gnu99;
				GCC_OPTIMIZATION_LEVEL = 0;
				GCC_WARN_ABOUT_RETURN_TYPE = YES;
				GCC_WARN_UNUSED_VARIABLE = YES;
				ONLY_ACTIVE_ARCH = YES;
				PREBINDING = NO;
				SDKROOT = macosx10.6;
			};
			name = Debug;
		};
		C01FCF5008A954540054247B /* Release */ = {
			isa = XCBuildConfiguration;
			buildSettings = {
				ARCHS = "$(ARCHS_STANDARD_32_64_BIT)";
				GCC_C_LANGUAGE_STANDARD = gnu99;
				GCC_WARN_ABOUT_RETURN_TYPE = YES;
				GCC_WARN_UNUSED_VARIABLE = YES;
				PREBINDING = NO;
				SDKROOT = macosx10.6;
			};
			name = Release;
		};
/* End XCBuildConfiguration section */

/* Begin XCConfigurationList section */
		C01FCF4A08A954540054247B /* Build configuration list for PBXNativeTarget "Monkey" */ = {
			isa = XCConfigurationList;
			buildConfigurations = (
				C01FCF4B08A954540054247B /* Debug */,
				C01FCF4C08A954540054247B /* Release */,
			);
			defaultConfigurationIsVisible = 0;
			defaultConfigurationName = Release;
		};
		C01FCF4E08A954540054247B /* Build configuration list for PBXProject "Monkey" */ = {
			isa = XCConfigurationList;
			buildConfigurations = (
				C01FCF4F08A954540054247B /* Debug */,
				C01FCF5008A954540054247B /* Release */,
			);
			defaultConfigurationIsVisible = 0;
			defaultConfigurationName = Release;
		};
/* End XCConfigurationList section */
	};
	rootObject = 29B97313FDCFA39411CA2CEA /* Project object */;
}
